
Microsoft Visual Studio Solution File, Format Version 12.00
# Visual Studio Version 16
VisualStudioVersion = 16.0.28711.60
MinimumVisualStudioVersion = 10.0.40219.1
Project("{9A19103F-16F7-4668-BE54-9A1E7A4F7556}") = "CoreMVC", "CoreMVC\CoreMVC.csproj", "{CCC30219-18C2-422D-81AA-81F9245CC322}"
EndProject
Global
	GlobalSection(SolutionConfigurationPlatforms) = preSolution
		Debug|Any CPU = Debug|Any CPU
		Release|Any CPU = Release|Any CPU
	EndGlobalSection
	GlobalSection(ProjectConfigurationPlatforms) = postSolution
		{CCC30219-18C2-422D-81AA-81F9245CC322}.Debug|Any CPU.ActiveCfg = Debug|Any CPU
		{CCC30219-18C2-422D-81AA-81F9245CC322}.Debug|Any CPU.Build.0 = Debug|Any CPU
		{CCC30219-18C2-422D-81AA-81F9245CC322}.Release|Any CPU.ActiveCfg = Release|Any CPU
		{CCC30219-18C2-422D-81AA-81F9245CC322}.Release|Any CPU.Build.0 = Release|Any CPU
	EndGlobalSection
	GlobalSection(SolutionProperties) = preSolution
		HideSolutionNode = FALSE
	EndGlobalSection
	GlobalSection(ExtensibilityGlobals) = postSolution
		SolutionGuid = {E1BA9283-496A-45AE-B98E-D948B1197A1A}
	EndGlobalSection
EndGlobal
